
Microsoft Visual Studio Solution File, Format Version 12.00
# Visual Studio 2017
Project("{FAE04EC0-301F-11D3-BF4B-00C04F79EFBC}") = "Little World.Plugins", "Little World.Plugins.csproj", "{72805022-F11D-FC40-3E86-71E672701834}"
EndProject
Project("{FAE04EC0-301F-11D3-BF4B-00C04F79EFBC}") = "Little World.Editor.Plugins", "Little World.Editor.Plugins.csproj", "{641EAAF0-8BCC-D34D-4A78-A8841EE4F8F1}"
EndProject
Global
	GlobalSection(SolutionConfigurationPlatforms) = preSolution
		Debug|Any CPU = Debug|Any CPU
		Release|Any CPU = Release|Any CPU
	EndGlobalSection
	GlobalSection(ProjectConfigurationPlatforms) = postSolution
		{72805022-F11D-FC40-3E86-71E672701834}.Debug|Any CPU.ActiveCfg = Debug|Any CPU
		{72805022-F11D-FC40-3E86-71E672701834}.Debug|Any CPU.Build.0 = Debug|Any CPU
		{72805022-F11D-FC40-3E86-71E672701834}.Release|Any CPU.ActiveCfg = Release|Any CPU
		{72805022-F11D-FC40-3E86-71E672701834}.Release|Any CPU.Build.0 = Release|Any CPU
		{641EAAF0-8BCC-D34D-4A78-A8841EE4F8F1}.Debug|Any CPU.ActiveCfg = Debug|Any CPU
		{641EAAF0-8BCC-D34D-4A78-A8841EE4F8F1}.Debug|Any CPU.Build.0 = Debug|Any CPU
		{641EAAF0-8BCC-D34D-4A78-A8841EE4F8F1}.Release|Any CPU.ActiveCfg = Release|Any CPU
		{641EAAF0-8BCC-D34D-4A78-A8841EE4F8F1}.Release|Any CPU.Build.0 = Release|Any CPU
	EndGlobalSection
	GlobalSection(SolutionProperties) = preSolution
		HideSolutionNode = FALSE
	EndGlobalSection
EndGlobal
